
Microsoft Visual Studio Solution File, Format Version 12.00
# Visual Studio 15
VisualStudioVersion = 15.0.27703.2035
MinimumVisualStudioVersion = 10.0.40219.1
Project("{FAE04EC0-301F-11D3-BF4B-00C04F79EFBC}") = "MyBlog_Admin", "MyBlog_Admin\MyBlog_Admin.csproj", "{196A99C9-26DA-435D-9A6A-FB3D0E0CFB71}"
EndProject
Global
	GlobalSection(SolutionConfigurationPlatforms) = preSolution
		Debug|Any CPU = Debug|Any CPU
		Release|Any CPU = Release|Any CPU
	EndGlobalSection
	GlobalSection(ProjectConfigurationPlatforms) = postSolution
		{196A99C9-26DA-435D-9A6A-FB3D0E0CFB71}.Debug|Any CPU.ActiveCfg = Debug|Any CPU
		{196A99C9-26DA-435D-9A6A-FB3D0E0CFB71}.Debug|Any CPU.Build.0 = Debug|Any CPU
		{196A99C9-26DA-435D-9A6A-FB3D0E0CFB71}.Release|Any CPU.ActiveCfg = Release|Any CPU
		{196A99C9-26DA-435D-9A6A-FB3D0E0CFB71}.Release|Any CPU.Build.0 = Release|Any CPU
	EndGlobalSection
	GlobalSection(SolutionProperties) = preSolution
		HideSolutionNode = FALSE
	EndGlobalSection
	GlobalSection(ExtensibilityGlobals) = postSolution
		SolutionGuid = {B05DFD9A-2C13-4C15-A77B-2DB97DA243D5}
	EndGlobalSection
EndGlobal
